
Microsoft Visual Studio Solution File, Format Version 12.00
# Visual Studio Version 17
VisualStudioVersion = 17.7.34018.315
MinimumVisualStudioVersion = 10.0.40219.1
Project("{FAE04EC0-301F-11D3-BF4B-00C04F79EFBC}") = "modul8", "modul8\modul8.csproj", "{9F1835DF-7277-4F5E-B646-8EAC77BA2B59}"
EndProject
Global
	GlobalSection(SolutionConfigurationPlatforms) = preSolution
		Debug|Any CPU = Debug|Any CPU
		Release|Any CPU = Release|Any CPU
	EndGlobalSection
	GlobalSection(ProjectConfigurationPlatforms) = postSolution
		{9F1835DF-7277-4F5E-B646-8EAC77BA2B59}.Debug|Any CPU.ActiveCfg = Debug|Any CPU
		{9F1835DF-7277-4F5E-B646-8EAC77BA2B59}.Debug|Any CPU.Build.0 = Debug|Any CPU
		{9F1835DF-7277-4F5E-B646-8EAC77BA2B59}.Release|Any CPU.ActiveCfg = Release|Any CPU
		{9F1835DF-7277-4F5E-B646-8EAC77BA2B59}.Release|Any CPU.Build.0 = Release|Any CPU
	EndGlobalSection
	GlobalSection(SolutionProperties) = preSolution
		HideSolutionNode = FALSE
	EndGlobalSection
	GlobalSection(ExtensibilityGlobals) = postSolution
		SolutionGuid = {105E118C-E17B-486C-A2F9-5844D96B9360}
	EndGlobalSection
EndGlobal
